
Microsoft Visual Studio Solution File, Format Version 12.00
# Visual Studio Version 16
VisualStudioVersion = 16.0.30413.136
MinimumVisualStudioVersion = 10.0.40219.1
Project("{FAE04EC0-301F-11D3-BF4B-00C04F79EFBC}") = "FPLTeamManager", "FPLTeamManager.csproj", "{A98C056D-8779-440E-92B2-CD7CBBA687D0}"
EndProject
Global
	GlobalSection(SolutionConfigurationPlatforms) = preSolution
		Debug|Any CPU = Debug|Any CPU
		Release|Any CPU = Release|Any CPU
	EndGlobalSection
	GlobalSection(ProjectConfigurationPlatforms) = postSolution
		{A98C056D-8779-440E-92B2-CD7CBBA687D0}.Debug|Any CPU.ActiveCfg = Debug|Any CPU
		{A98C056D-8779-440E-92B2-CD7CBBA687D0}.Debug|Any CPU.Build.0 = Debug|Any CPU
		{A98C056D-8779-440E-92B2-CD7CBBA687D0}.Release|Any CPU.ActiveCfg = Release|Any CPU
		{A98C056D-8779-440E-92B2-CD7CBBA687D0}.Release|Any CPU.Build.0 = Release|Any CPU
	EndGlobalSection
	GlobalSection(SolutionProperties) = preSolution
		HideSolutionNode = FALSE
	EndGlobalSection
	GlobalSection(ExtensibilityGlobals) = postSolution
		SolutionGuid = {EC7A6A1C-07F1-41CF-B688-90251CCDD9D6}
	EndGlobalSection
EndGlobal
